<?xml version="1.0" encoding="UTF-8"?>
<CodeBlocks_project_file>
	<FileVersion major="1" minor="6"/>
	<Project>
		<Option title="Tinker"/>
		<Option makefile_is_custom="1"/>
		<Option compiler="gcc"/>
		<Option virtualFolders="CMake Files\;"/>
		<Build>
			<Target title="all">
				<Option working_dir="/public/home/xiamr/prog/tinker_trr/source"/>
				<Option type="4"/>
				<MakeCommands>
					<Build command="/usr/bin/gmake -f &quot;/public/home/xiamr/prog/tinker_trr/source/Makefile&quot;  VERBOSE=1 all"/>
					<CompileFile command="/usr/bin/gmake -f &quot;/public/home/xiamr/prog/tinker_trr/source/Makefile&quot;  VERBOSE=1 &quot;$file&quot;"/>
					<Clean command="/usr/bin/gmake -f &quot;/public/home/xiamr/prog/tinker_trr/source/Makefile&quot;  VERBOSE=1 clean"/>
					<DistClean command="/usr/bin/gmake -f &quot;/public/home/xiamr/prog/tinker_trr/source/Makefile&quot;  VERBOSE=1 clean"/>
				</MakeCommands>
			</Target>
			<Target title="rebuild_cache">
				<Option working_dir="/public/home/xiamr/prog/tinker_trr/source"/>
				<Option type="4"/>
				<MakeCommands>
					<Build command="/usr/bin/gmake -f &quot;/public/home/xiamr/prog/tinker_trr/source/Makefile&quot;  VERBOSE=1 rebuild_cache"/>
					<CompileFile command="/usr/bin/gmake -f &quot;/public/home/xiamr/prog/tinker_trr/source/Makefile&quot;  VERBOSE=1 &quot;$file&quot;"/>
					<Clean command="/usr/bin/gmake -f &quot;/public/home/xiamr/prog/tinker_trr/source/Makefile&quot;  VERBOSE=1 clean"/>
					<DistClean command="/usr/bin/gmake -f &quot;/public/home/xiamr/prog/tinker_trr/source/Makefile&quot;  VERBOSE=1 clean"/>
				</MakeCommands>
			</Target>
			<Target title="edit_cache">
				<Option working_dir="/public/home/xiamr/prog/tinker_trr/source"/>
				<Option type="4"/>
				<MakeCommands>
					<Build command="/usr/bin/gmake -f &quot;/public/home/xiamr/prog/tinker_trr/source/Makefile&quot;  VERBOSE=1 edit_cache"/>
					<CompileFile command="/usr/bin/gmake -f &quot;/public/home/xiamr/prog/tinker_trr/source/Makefile&quot;  VERBOSE=1 &quot;$file&quot;"/>
					<Clean command="/usr/bin/gmake -f &quot;/public/home/xiamr/prog/tinker_trr/source/Makefile&quot;  VERBOSE=1 clean"/>
					<DistClean command="/usr/bin/gmake -f &quot;/public/home/xiamr/prog/tinker_trr/source/Makefile&quot;  VERBOSE=1 clean"/>
				</MakeCommands>
			</Target>
			<Target title="dynamic">
				<Option output="/public/home/xiamr/prog/tinker_trr/source/dynamic" prefix_auto="0" extension_auto="0"/>
				<Option working_dir="/public/home/xiamr/prog/tinker_trr/source"/>
				<Option object_output="./"/>
				<Option type="1"/>
				<Option compiler="gcc"/>
				<Compiler>
					<Add directory="/public/home/xiamr/prog/tinker_trr/source/libtinker_static"/>
					<Add directory="/public/home/xiamr/prog/gromacs-5.1.4/src"/>
				</Compiler>
				<MakeCommands>
					<Build command="/usr/bin/gmake -f &quot;/public/home/xiamr/prog/tinker_trr/source/Makefile&quot;  VERBOSE=1 dynamic"/>
					<CompileFile command="/usr/bin/gmake -f &quot;/public/home/xiamr/prog/tinker_trr/source/Makefile&quot;  VERBOSE=1 &quot;$file&quot;"/>
					<Clean command="/usr/bin/gmake -f &quot;/public/home/xiamr/prog/tinker_trr/source/Makefile&quot;  VERBOSE=1 clean"/>
					<DistClean command="/usr/bin/gmake -f &quot;/public/home/xiamr/prog/tinker_trr/source/Makefile&quot;  VERBOSE=1 clean"/>
				</MakeCommands>
			</Target>
			<Target title="dynamic/fast">
				<Option output="/public/home/xiamr/prog/tinker_trr/source/dynamic" prefix_auto="0" extension_auto="0"/>
				<Option working_dir="/public/home/xiamr/prog/tinker_trr/source"/>
				<Option object_output="./"/>
				<Option type="1"/>
				<Option compiler="gcc"/>
				<Compiler>
					<Add directory="/public/home/xiamr/prog/tinker_trr/source/libtinker_static"/>
					<Add directory="/public/home/xiamr/prog/gromacs-5.1.4/src"/>
				</Compiler>
				<MakeCommands>
					<Build command="/usr/bin/gmake -f &quot;/public/home/xiamr/prog/tinker_trr/source/Makefile&quot;  VERBOSE=1 dynamic/fast"/>
					<CompileFile command="/usr/bin/gmake -f &quot;/public/home/xiamr/prog/tinker_trr/source/Makefile&quot;  VERBOSE=1 &quot;$file&quot;"/>
					<Clean command="/usr/bin/gmake -f &quot;/public/home/xiamr/prog/tinker_trr/source/Makefile&quot;  VERBOSE=1 clean"/>
					<DistClean command="/usr/bin/gmake -f &quot;/public/home/xiamr/prog/tinker_trr/source/Makefile&quot;  VERBOSE=1 clean"/>
				</MakeCommands>
			</Target>
			<Target title="libtinker_shared">
				<Option output="/public/home/xiamr/prog/tinker_trr/source/liblibtinker_shared.so" prefix_auto="0" extension_auto="0"/>
				<Option working_dir="/public/home/xiamr/prog/tinker_trr/source"/>
				<Option object_output="./"/>
				<Option type="3"/>
				<Option compiler="gcc"/>
				<Compiler>
					<Add directory="/public/home/xiamr/prog/tinker_trr/source/libtinker_static"/>
					<Add directory="/public/home/xiamr/prog/gromacs-5.1.4/src"/>
				</Compiler>
				<MakeCommands>
					<Build command="/usr/bin/gmake -f &quot;/public/home/xiamr/prog/tinker_trr/source/Makefile&quot;  VERBOSE=1 libtinker_shared"/>
					<CompileFile command="/usr/bin/gmake -f &quot;/public/home/xiamr/prog/tinker_trr/source/Makefile&quot;  VERBOSE=1 &quot;$file&quot;"/>
					<Clean command="/usr/bin/gmake -f &quot;/public/home/xiamr/prog/tinker_trr/source/Makefile&quot;  VERBOSE=1 clean"/>
					<DistClean command="/usr/bin/gmake -f &quot;/public/home/xiamr/prog/tinker_trr/source/Makefile&quot;  VERBOSE=1 clean"/>
				</MakeCommands>
			</Target>
			<Target title="libtinker_shared/fast">
				<Option output="/public/home/xiamr/prog/tinker_trr/source/liblibtinker_shared.so" prefix_auto="0" extension_auto="0"/>
				<Option working_dir="/public/home/xiamr/prog/tinker_trr/source"/>
				<Option object_output="./"/>
				<Option type="3"/>
				<Option compiler="gcc"/>
				<Compiler>
					<Add directory="/public/home/xiamr/prog/tinker_trr/source/libtinker_static"/>
					<Add directory="/public/home/xiamr/prog/gromacs-5.1.4/src"/>
				</Compiler>
				<MakeCommands>
					<Build command="/usr/bin/gmake -f &quot;/public/home/xiamr/prog/tinker_trr/source/Makefile&quot;  VERBOSE=1 libtinker_shared/fast"/>
					<CompileFile command="/usr/bin/gmake -f &quot;/public/home/xiamr/prog/tinker_trr/source/Makefile&quot;  VERBOSE=1 &quot;$file&quot;"/>
					<Clean command="/usr/bin/gmake -f &quot;/public/home/xiamr/prog/tinker_trr/source/Makefile&quot;  VERBOSE=1 clean"/>
					<DistClean command="/usr/bin/gmake -f &quot;/public/home/xiamr/prog/tinker_trr/source/Makefile&quot;  VERBOSE=1 clean"/>
				</MakeCommands>
			</Target>
		</Build>
		<Unit filename="/public/home/xiamr/prog/tinker_trr/source/dynamic.f">
			<Option target="dynamic"/>
		</Unit>
		<Unit filename="/public/home/xiamr/prog/tinker_trr/source/gmxtrr.cpp">
			<Option target="libtinker_shared"/>
		</Unit>
		<Unit filename="/public/home/xiamr/prog/tinker_trr/source/lib/action.f">
			<Option target="libtinker_shared"/>
		</Unit>
		<Unit filename="/public/home/xiamr/prog/tinker_trr/source/lib/active.f">
			<Option target="libtinker_shared"/>
		</Unit>
		<Unit filename="/public/home/xiamr/prog/tinker_trr/source/lib/align.f">
			<Option target="libtinker_shared"/>
		</Unit>
		<Unit filename="/public/home/xiamr/prog/tinker_trr/source/lib/analysis.f">
			<Option target="libtinker_shared"/>
		</Unit>
		<Unit filename="/public/home/xiamr/prog/tinker_trr/source/lib/analyz.f">
			<Option target="libtinker_shared"/>
		</Unit>
		<Unit filename="/public/home/xiamr/prog/tinker_trr/source/lib/angang.f">
			<Option target="libtinker_shared"/>
		</Unit>
		<Unit filename="/public/home/xiamr/prog/tinker_trr/source/lib/angbnd.f">
			<Option target="libtinker_shared"/>
		</Unit>
		<Unit filename="/public/home/xiamr/prog/tinker_trr/source/lib/angles.f">
			<Option target="libtinker_shared"/>
		</Unit>
		<Unit filename="/public/home/xiamr/prog/tinker_trr/source/lib/angpot.f">
			<Option target="libtinker_shared"/>
		</Unit>
		<Unit filename="/public/home/xiamr/prog/tinker_trr/source/lib/angtor.f">
			<Option target="libtinker_shared"/>
		</Unit>
		<Unit filename="/public/home/xiamr/prog/tinker_trr/source/lib/argue.f">
			<Option target="libtinker_shared"/>
		</Unit>
		<Unit filename="/public/home/xiamr/prog/tinker_trr/source/lib/ascii.f">
			<Option target="libtinker_shared"/>
		</Unit>
		<Unit filename="/public/home/xiamr/prog/tinker_trr/source/lib/atmlst.f">
			<Option target="libtinker_shared"/>
		</Unit>
		<Unit filename="/public/home/xiamr/prog/tinker_trr/source/lib/atomid.f">
			<Option target="libtinker_shared"/>
		</Unit>
		<Unit filename="/public/home/xiamr/prog/tinker_trr/source/lib/atoms.f">
			<Option target="libtinker_shared"/>
		</Unit>
		<Unit filename="/public/home/xiamr/prog/tinker_trr/source/lib/attach.f">
			<Option target="libtinker_shared"/>
		</Unit>
		<Unit filename="/public/home/xiamr/prog/tinker_trr/source/lib/basefile.f">
			<Option target="libtinker_shared"/>
		</Unit>
		<Unit filename="/public/home/xiamr/prog/tinker_trr/source/lib/bath.f">
			<Option target="libtinker_shared"/>
		</Unit>
		<Unit filename="/public/home/xiamr/prog/tinker_trr/source/lib/beeman.f">
			<Option target="libtinker_shared"/>
		</Unit>
		<Unit filename="/public/home/xiamr/prog/tinker_trr/source/lib/bicubic.f">
			<Option target="libtinker_shared"/>
		</Unit>
		<Unit filename="/public/home/xiamr/prog/tinker_trr/source/lib/bitor.f">
			<Option target="libtinker_shared"/>
		</Unit>
		<Unit filename="/public/home/xiamr/prog/tinker_trr/source/lib/bitors.f">
			<Option target="libtinker_shared"/>
		</Unit>
		<Unit filename="/public/home/xiamr/prog/tinker_trr/source/lib/bndpot.f">
			<Option target="libtinker_shared"/>
		</Unit>
		<Unit filename="/public/home/xiamr/prog/tinker_trr/source/lib/bndstr.f">
			<Option target="libtinker_shared"/>
		</Unit>
		<Unit filename="/public/home/xiamr/prog/tinker_trr/source/lib/bonds.f">
			<Option target="libtinker_shared"/>
		</Unit>
		<Unit filename="/public/home/xiamr/prog/tinker_trr/source/lib/born.f">
			<Option target="libtinker_shared"/>
		</Unit>
		<Unit filename="/public/home/xiamr/prog/tinker_trr/source/lib/bound.f">
			<Option target="libtinker_shared"/>
		</Unit>
		<Unit filename="/public/home/xiamr/prog/tinker_trr/source/lib/bounds.f">
			<Option target="libtinker_shared"/>
		</Unit>
		<Unit filename="/public/home/xiamr/prog/tinker_trr/source/lib/boxes.f">
			<Option target="libtinker_shared"/>
		</Unit>
		<Unit filename="/public/home/xiamr/prog/tinker_trr/source/lib/bussi.f">
			<Option target="libtinker_shared"/>
		</Unit>
		<Unit filename="/public/home/xiamr/prog/tinker_trr/source/lib/calendar.f">
			<Option target="libtinker_shared"/>
		</Unit>
		<Unit filename="/public/home/xiamr/prog/tinker_trr/source/lib/cell.f">
			<Option target="libtinker_shared"/>
		</Unit>
		<Unit filename="/public/home/xiamr/prog/tinker_trr/source/lib/center.f">
			<Option target="libtinker_shared"/>
		</Unit>
		<Unit filename="/public/home/xiamr/prog/tinker_trr/source/lib/charge.f">
			<Option target="libtinker_shared"/>
		</Unit>
		<Unit filename="/public/home/xiamr/prog/tinker_trr/source/lib/chgpot.f">
			<Option target="libtinker_shared"/>
		</Unit>
		<Unit filename="/public/home/xiamr/prog/tinker_trr/source/lib/chkpole.f">
			<Option target="libtinker_shared"/>
		</Unit>
		<Unit filename="/public/home/xiamr/prog/tinker_trr/source/lib/chkring.f">
			<Option target="libtinker_shared"/>
		</Unit>
		<Unit filename="/public/home/xiamr/prog/tinker_trr/source/lib/chkxyz.f">
			<Option target="libtinker_shared"/>
		</Unit>
		<Unit filename="/public/home/xiamr/prog/tinker_trr/source/lib/cholesky.f">
			<Option target="libtinker_shared"/>
		</Unit>
		<Unit filename="/public/home/xiamr/prog/tinker_trr/source/lib/chrono.f">
			<Option target="libtinker_shared"/>
		</Unit>
		<Unit filename="/public/home/xiamr/prog/tinker_trr/source/lib/chunks.f">
			<Option target="libtinker_shared"/>
		</Unit>
		<Unit filename="/public/home/xiamr/prog/tinker_trr/source/lib/clock.f">
			<Option target="libtinker_shared"/>
		</Unit>
		<Unit filename="/public/home/xiamr/prog/tinker_trr/source/lib/cluster.f">
			<Option target="libtinker_shared"/>
		</Unit>
		<Unit filename="/public/home/xiamr/prog/tinker_trr/source/lib/column.f">
			<Option target="libtinker_shared"/>
		</Unit>
		<Unit filename="/public/home/xiamr/prog/tinker_trr/source/lib/command.f">
			<Option target="libtinker_shared"/>
		</Unit>
		<Unit filename="/public/home/xiamr/prog/tinker_trr/source/lib/connect.f">
			<Option target="libtinker_shared"/>
		</Unit>
		<Unit filename="/public/home/xiamr/prog/tinker_trr/source/lib/connolly.f">
			<Option target="libtinker_shared"/>
		</Unit>
		<Unit filename="/public/home/xiamr/prog/tinker_trr/source/lib/control.f">
			<Option target="libtinker_shared"/>
		</Unit>
		<Unit filename="/public/home/xiamr/prog/tinker_trr/source/lib/couple.f">
			<Option target="libtinker_shared"/>
		</Unit>
		<Unit filename="/public/home/xiamr/prog/tinker_trr/source/lib/cspline.f">
			<Option target="libtinker_shared"/>
		</Unit>
		<Unit filename="/public/home/xiamr/prog/tinker_trr/source/lib/ct.f">
			<Option target="libtinker_shared"/>
		</Unit>
		<Unit filename="/public/home/xiamr/prog/tinker_trr/source/lib/cutoffs.f">
			<Option target="libtinker_shared"/>
		</Unit>
		<Unit filename="/public/home/xiamr/prog/tinker_trr/source/lib/deflate.f">
			<Option target="libtinker_shared"/>
		</Unit>
		<Unit filename="/public/home/xiamr/prog/tinker_trr/source/lib/delete.f">
			<Option target="libtinker_shared"/>
		</Unit>
		<Unit filename="/public/home/xiamr/prog/tinker_trr/source/lib/deriv.f">
			<Option target="libtinker_shared"/>
		</Unit>
		<Unit filename="/public/home/xiamr/prog/tinker_trr/source/lib/diagq.f">
			<Option target="libtinker_shared"/>
		</Unit>
		<Unit filename="/public/home/xiamr/prog/tinker_trr/source/lib/diffeq.f">
			<Option target="libtinker_shared"/>
		</Unit>
		<Unit filename="/public/home/xiamr/prog/tinker_trr/source/lib/dipole.f">
			<Option target="libtinker_shared"/>
		</Unit>
		<Unit filename="/public/home/xiamr/prog/tinker_trr/source/lib/disgeo.f">
			<Option target="libtinker_shared"/>
		</Unit>
		<Unit filename="/public/home/xiamr/prog/tinker_trr/source/lib/dma.f">
			<Option target="libtinker_shared"/>
		</Unit>
		<Unit filename="/public/home/xiamr/prog/tinker_trr/source/lib/domega.f">
			<Option target="libtinker_shared"/>
		</Unit>
		<Unit filename="/public/home/xiamr/prog/tinker_trr/source/lib/eangang.f">
			<Option target="libtinker_shared"/>
		</Unit>
		<Unit filename="/public/home/xiamr/prog/tinker_trr/source/lib/eangang1.f">
			<Option target="libtinker_shared"/>
		</Unit>
		<Unit filename="/public/home/xiamr/prog/tinker_trr/source/lib/eangang2.f">
			<Option target="libtinker_shared"/>
		</Unit>
		<Unit filename="/public/home/xiamr/prog/tinker_trr/source/lib/eangang3.f">
			<Option target="libtinker_shared"/>
		</Unit>
		<Unit filename="/public/home/xiamr/prog/tinker_trr/source/lib/eangle.f">
			<Option target="libtinker_shared"/>
		</Unit>
		<Unit filename="/public/home/xiamr/prog/tinker_trr/source/lib/eangle1.f">
			<Option target="libtinker_shared"/>
		</Unit>
		<Unit filename="/public/home/xiamr/prog/tinker_trr/source/lib/eangle2.f">
			<Option target="libtinker_shared"/>
		</Unit>
		<Unit filename="/public/home/xiamr/prog/tinker_trr/source/lib/eangle3.f">
			<Option target="libtinker_shared"/>
		</Unit>
		<Unit filename="/public/home/xiamr/prog/tinker_trr/source/lib/eangtor.f">
			<Option target="libtinker_shared"/>
		</Unit>
		<Unit filename="/public/home/xiamr/prog/tinker_trr/source/lib/eangtor1.f">
			<Option target="libtinker_shared"/>
		</Unit>
		<Unit filename="/public/home/xiamr/prog/tinker_trr/source/lib/eangtor2.f">
			<Option target="libtinker_shared"/>
		</Unit>
		<Unit filename="/public/home/xiamr/prog/tinker_trr/source/lib/eangtor3.f">
			<Option target="libtinker_shared"/>
		</Unit>
		<Unit filename="/public/home/xiamr/prog/tinker_trr/source/lib/ebond.f">
			<Option target="libtinker_shared"/>
		</Unit>
		<Unit filename="/public/home/xiamr/prog/tinker_trr/source/lib/ebond1.f">
			<Option target="libtinker_shared"/>
		</Unit>
		<Unit filename="/public/home/xiamr/prog/tinker_trr/source/lib/ebond2.f">
			<Option target="libtinker_shared"/>
		</Unit>
		<Unit filename="/public/home/xiamr/prog/tinker_trr/source/lib/ebond3.f">
			<Option target="libtinker_shared"/>
		</Unit>
		<Unit filename="/public/home/xiamr/prog/tinker_trr/source/lib/ebuck.f">
			<Option target="libtinker_shared"/>
		</Unit>
		<Unit filename="/public/home/xiamr/prog/tinker_trr/source/lib/ebuck1.f">
			<Option target="libtinker_shared"/>
		</Unit>
		<Unit filename="/public/home/xiamr/prog/tinker_trr/source/lib/ebuck2.f">
			<Option target="libtinker_shared"/>
		</Unit>
		<Unit filename="/public/home/xiamr/prog/tinker_trr/source/lib/ebuck3.f">
			<Option target="libtinker_shared"/>
		</Unit>
		<Unit filename="/public/home/xiamr/prog/tinker_trr/source/lib/echarge.f">
			<Option target="libtinker_shared"/>
		</Unit>
		<Unit filename="/public/home/xiamr/prog/tinker_trr/source/lib/echarge1.f">
			<Option target="libtinker_shared"/>
		</Unit>
		<Unit filename="/public/home/xiamr/prog/tinker_trr/source/lib/echarge2.f">
			<Option target="libtinker_shared"/>
		</Unit>
		<Unit filename="/public/home/xiamr/prog/tinker_trr/source/lib/echarge3.f">
			<Option target="libtinker_shared"/>
		</Unit>
		<Unit filename="/public/home/xiamr/prog/tinker_trr/source/lib/echgdpl.f">
			<Option target="libtinker_shared"/>
		</Unit>
		<Unit filename="/public/home/xiamr/prog/tinker_trr/source/lib/echgdpl1.f">
			<Option target="libtinker_shared"/>
		</Unit>
		<Unit filename="/public/home/xiamr/prog/tinker_trr/source/lib/echgdpl2.f">
			<Option target="libtinker_shared"/>
		</Unit>
		<Unit filename="/public/home/xiamr/prog/tinker_trr/source/lib/echgdpl3.f">
			<Option target="libtinker_shared"/>
		</Unit>
		<Unit filename="/public/home/xiamr/prog/tinker_trr/source/lib/ect0.f">
			<Option target="libtinker_shared"/>
		</Unit>
		<Unit filename="/public/home/xiamr/prog/tinker_trr/source/lib/ect1.f">
			<Option target="libtinker_shared"/>
		</Unit>
		<Unit filename="/public/home/xiamr/prog/tinker_trr/source/lib/edipole.f">
			<Option target="libtinker_shared"/>
		</Unit>
		<Unit filename="/public/home/xiamr/prog/tinker_trr/source/lib/edipole1.f">
			<Option target="libtinker_shared"/>
		</Unit>
		<Unit filename="/public/home/xiamr/prog/tinker_trr/source/lib/edipole2.f">
			<Option target="libtinker_shared"/>
		</Unit>
		<Unit filename="/public/home/xiamr/prog/tinker_trr/source/lib/edipole3.f">
			<Option target="libtinker_shared"/>
		</Unit>
		<Unit filename="/public/home/xiamr/prog/tinker_trr/source/lib/egauss.f">
			<Option target="libtinker_shared"/>
		</Unit>
		<Unit filename="/public/home/xiamr/prog/tinker_trr/source/lib/egauss1.f">
			<Option target="libtinker_shared"/>
		</Unit>
		<Unit filename="/public/home/xiamr/prog/tinker_trr/source/lib/egauss2.f">
			<Option target="libtinker_shared"/>
		</Unit>
		<Unit filename="/public/home/xiamr/prog/tinker_trr/source/lib/egauss3.f">
			<Option target="libtinker_shared"/>
		</Unit>
		<Unit filename="/public/home/xiamr/prog/tinker_trr/source/lib/egeom.f">
			<Option target="libtinker_shared"/>
		</Unit>
		<Unit filename="/public/home/xiamr/prog/tinker_trr/source/lib/egeom1.f">
			<Option target="libtinker_shared"/>
		</Unit>
		<Unit filename="/public/home/xiamr/prog/tinker_trr/source/lib/egeom2.f">
			<Option target="libtinker_shared"/>
		</Unit>
		<Unit filename="/public/home/xiamr/prog/tinker_trr/source/lib/egeom3.f">
			<Option target="libtinker_shared"/>
		</Unit>
		<Unit filename="/public/home/xiamr/prog/tinker_trr/source/lib/ehal.f">
			<Option target="libtinker_shared"/>
		</Unit>
		<Unit filename="/public/home/xiamr/prog/tinker_trr/source/lib/ehal1.f">
			<Option target="libtinker_shared"/>
		</Unit>
		<Unit filename="/public/home/xiamr/prog/tinker_trr/source/lib/ehal2.f">
			<Option target="libtinker_shared"/>
		</Unit>
		<Unit filename="/public/home/xiamr/prog/tinker_trr/source/lib/ehal3.f">
			<Option target="libtinker_shared"/>
		</Unit>
		<Unit filename="/public/home/xiamr/prog/tinker_trr/source/lib/eimprop.f">
			<Option target="libtinker_shared"/>
		</Unit>
		<Unit filename="/public/home/xiamr/prog/tinker_trr/source/lib/eimprop1.f">
			<Option target="libtinker_shared"/>
		</Unit>
		<Unit filename="/public/home/xiamr/prog/tinker_trr/source/lib/eimprop2.f">
			<Option target="libtinker_shared"/>
		</Unit>
		<Unit filename="/public/home/xiamr/prog/tinker_trr/source/lib/eimprop3.f">
			<Option target="libtinker_shared"/>
		</Unit>
		<Unit filename="/public/home/xiamr/prog/tinker_trr/source/lib/eimptor.f">
			<Option target="libtinker_shared"/>
		</Unit>
		<Unit filename="/public/home/xiamr/prog/tinker_trr/source/lib/eimptor1.f">
			<Option target="libtinker_shared"/>
		</Unit>
		<Unit filename="/public/home/xiamr/prog/tinker_trr/source/lib/eimptor2.f">
			<Option target="libtinker_shared"/>
		</Unit>
		<Unit filename="/public/home/xiamr/prog/tinker_trr/source/lib/eimptor3.f">
			<Option target="libtinker_shared"/>
		</Unit>
		<Unit filename="/public/home/xiamr/prog/tinker_trr/source/lib/elj.f">
			<Option target="libtinker_shared"/>
		</Unit>
		<Unit filename="/public/home/xiamr/prog/tinker_trr/source/lib/elj1.f">
			<Option target="libtinker_shared"/>
		</Unit>
		<Unit filename="/public/home/xiamr/prog/tinker_trr/source/lib/elj2.f">
			<Option target="libtinker_shared"/>
		</Unit>
		<Unit filename="/public/home/xiamr/prog/tinker_trr/source/lib/elj3.f">
			<Option target="libtinker_shared"/>
		</Unit>
		<Unit filename="/public/home/xiamr/prog/tinker_trr/source/lib/embed.f">
			<Option target="libtinker_shared"/>
		</Unit>
		<Unit filename="/public/home/xiamr/prog/tinker_trr/source/lib/emetal.f">
			<Option target="libtinker_shared"/>
		</Unit>
		<Unit filename="/public/home/xiamr/prog/tinker_trr/source/lib/emetal1.f">
			<Option target="libtinker_shared"/>
		</Unit>
		<Unit filename="/public/home/xiamr/prog/tinker_trr/source/lib/emetal2.f">
			<Option target="libtinker_shared"/>
		</Unit>
		<Unit filename="/public/home/xiamr/prog/tinker_trr/source/lib/emetal3.f">
			<Option target="libtinker_shared"/>
		</Unit>
		<Unit filename="/public/home/xiamr/prog/tinker_trr/source/lib/emm3hb.f">
			<Option target="libtinker_shared"/>
		</Unit>
		<Unit filename="/public/home/xiamr/prog/tinker_trr/source/lib/emm3hb1.f">
			<Option target="libtinker_shared"/>
		</Unit>
		<Unit filename="/public/home/xiamr/prog/tinker_trr/source/lib/emm3hb2.f">
			<Option target="libtinker_shared"/>
		</Unit>
		<Unit filename="/public/home/xiamr/prog/tinker_trr/source/lib/emm3hb3.f">
			<Option target="libtinker_shared"/>
		</Unit>
		<Unit filename="/public/home/xiamr/prog/tinker_trr/source/lib/empole.f">
			<Option target="libtinker_shared"/>
		</Unit>
		<Unit filename="/public/home/xiamr/prog/tinker_trr/source/lib/empole1.f">
			<Option target="libtinker_shared"/>
		</Unit>
		<Unit filename="/public/home/xiamr/prog/tinker_trr/source/lib/empole2.f">
			<Option target="libtinker_shared"/>
		</Unit>
		<Unit filename="/public/home/xiamr/prog/tinker_trr/source/lib/empole3.f">
			<Option target="libtinker_shared"/>
		</Unit>
		<Unit filename="/public/home/xiamr/prog/tinker_trr/source/lib/energi.f">
			<Option target="libtinker_shared"/>
		</Unit>
		<Unit filename="/public/home/xiamr/prog/tinker_trr/source/lib/energy.f">
			<Option target="libtinker_shared"/>
		</Unit>
		<Unit filename="/public/home/xiamr/prog/tinker_trr/source/lib/eopbend.f">
			<Option target="libtinker_shared"/>
		</Unit>
		<Unit filename="/public/home/xiamr/prog/tinker_trr/source/lib/eopbend1.f">
			<Option target="libtinker_shared"/>
		</Unit>
		<Unit filename="/public/home/xiamr/prog/tinker_trr/source/lib/eopbend2.f">
			<Option target="libtinker_shared"/>
		</Unit>
		<Unit filename="/public/home/xiamr/prog/tinker_trr/source/lib/eopbend3.f">
			<Option target="libtinker_shared"/>
		</Unit>
		<Unit filename="/public/home/xiamr/prog/tinker_trr/source/lib/eopdist.f">
			<Option target="libtinker_shared"/>
		</Unit>
		<Unit filename="/public/home/xiamr/prog/tinker_trr/source/lib/eopdist1.f">
			<Option target="libtinker_shared"/>
		</Unit>
		<Unit filename="/public/home/xiamr/prog/tinker_trr/source/lib/eopdist2.f">
			<Option target="libtinker_shared"/>
		</Unit>
		<Unit filename="/public/home/xiamr/prog/tinker_trr/source/lib/eopdist3.f">
			<Option target="libtinker_shared"/>
		</Unit>
		<Unit filename="/public/home/xiamr/prog/tinker_trr/source/lib/epitors.f">
			<Option target="libtinker_shared"/>
		</Unit>
		<Unit filename="/public/home/xiamr/prog/tinker_trr/source/lib/epitors1.f">
			<Option target="libtinker_shared"/>
		</Unit>
		<Unit filename="/public/home/xiamr/prog/tinker_trr/source/lib/epitors2.f">
			<Option target="libtinker_shared"/>
		</Unit>
		<Unit filename="/public/home/xiamr/prog/tinker_trr/source/lib/epitors3.f">
			<Option target="libtinker_shared"/>
		</Unit>
		<Unit filename="/public/home/xiamr/prog/tinker_trr/source/lib/erf.f">
			<Option target="libtinker_shared"/>
		</Unit>
		<Unit filename="/public/home/xiamr/prog/tinker_trr/source/lib/erxnfld.f">
			<Option target="libtinker_shared"/>
		</Unit>
		<Unit filename="/public/home/xiamr/prog/tinker_trr/source/lib/erxnfld1.f">
			<Option target="libtinker_shared"/>
		</Unit>
		<Unit filename="/public/home/xiamr/prog/tinker_trr/source/lib/erxnfld2.f">
			<Option target="libtinker_shared"/>
		</Unit>
		<Unit filename="/public/home/xiamr/prog/tinker_trr/source/lib/erxnfld3.f">
			<Option target="libtinker_shared"/>
		</Unit>
		<Unit filename="/public/home/xiamr/prog/tinker_trr/source/lib/esolv.f">
			<Option target="libtinker_shared"/>
		</Unit>
		<Unit filename="/public/home/xiamr/prog/tinker_trr/source/lib/esolv1.f">
			<Option target="libtinker_shared"/>
		</Unit>
		<Unit filename="/public/home/xiamr/prog/tinker_trr/source/lib/esolv2.f">
			<Option target="libtinker_shared"/>
		</Unit>
		<Unit filename="/public/home/xiamr/prog/tinker_trr/source/lib/esolv3.f">
			<Option target="libtinker_shared"/>
		</Unit>
		<Unit filename="/public/home/xiamr/prog/tinker_trr/source/lib/estrbnd.f">
			<Option target="libtinker_shared"/>
		</Unit>
		<Unit filename="/public/home/xiamr/prog/tinker_trr/source/lib/estrbnd1.f">
			<Option target="libtinker_shared"/>
		</Unit>
		<Unit filename="/public/home/xiamr/prog/tinker_trr/source/lib/estrbnd2.f">
			<Option target="libtinker_shared"/>
		</Unit>
		<Unit filename="/public/home/xiamr/prog/tinker_trr/source/lib/estrbnd3.f">
			<Option target="libtinker_shared"/>
		</Unit>
		<Unit filename="/public/home/xiamr/prog/tinker_trr/source/lib/estrtor.f">
			<Option target="libtinker_shared"/>
		</Unit>
		<Unit filename="/public/home/xiamr/prog/tinker_trr/source/lib/estrtor1.f">
			<Option target="libtinker_shared"/>
		</Unit>
		<Unit filename="/public/home/xiamr/prog/tinker_trr/source/lib/estrtor2.f">
			<Option target="libtinker_shared"/>
		</Unit>
		<Unit filename="/public/home/xiamr/prog/tinker_trr/source/lib/estrtor3.f">
			<Option target="libtinker_shared"/>
		</Unit>
		<Unit filename="/public/home/xiamr/prog/tinker_trr/source/lib/etors.f">
			<Option target="libtinker_shared"/>
		</Unit>
		<Unit filename="/public/home/xiamr/prog/tinker_trr/source/lib/etors1.f">
			<Option target="libtinker_shared"/>
		</Unit>
		<Unit filename="/public/home/xiamr/prog/tinker_trr/source/lib/etors2.f">
			<Option target="libtinker_shared"/>
		</Unit>
		<Unit filename="/public/home/xiamr/prog/tinker_trr/source/lib/etors3.f">
			<Option target="libtinker_shared"/>
		</Unit>
		<Unit filename="/public/home/xiamr/prog/tinker_trr/source/lib/etortor.f">
			<Option target="libtinker_shared"/>
		</Unit>
		<Unit filename="/public/home/xiamr/prog/tinker_trr/source/lib/etortor1.f">
			<Option target="libtinker_shared"/>
		</Unit>
		<Unit filename="/public/home/xiamr/prog/tinker_trr/source/lib/etortor2.f">
			<Option target="libtinker_shared"/>
		</Unit>
		<Unit filename="/public/home/xiamr/prog/tinker_trr/source/lib/etortor3.f">
			<Option target="libtinker_shared"/>
		</Unit>
		<Unit filename="/public/home/xiamr/prog/tinker_trr/source/lib/eurey.f">
			<Option target="libtinker_shared"/>
		</Unit>
		<Unit filename="/public/home/xiamr/prog/tinker_trr/source/lib/eurey1.f">
			<Option target="libtinker_shared"/>
		</Unit>
		<Unit filename="/public/home/xiamr/prog/tinker_trr/source/lib/eurey2.f">
			<Option target="libtinker_shared"/>
		</Unit>
		<Unit filename="/public/home/xiamr/prog/tinker_trr/source/lib/eurey3.f">
			<Option target="libtinker_shared"/>
		</Unit>
		<Unit filename="/public/home/xiamr/prog/tinker_trr/source/lib/evcorr.f">
			<Option target="libtinker_shared"/>
		</Unit>
		<Unit filename="/public/home/xiamr/prog/tinker_trr/source/lib/ewald.f">
			<Option target="libtinker_shared"/>
		</Unit>
		<Unit filename="/public/home/xiamr/prog/tinker_trr/source/lib/extra.f">
			<Option target="libtinker_shared"/>
		</Unit>
		<Unit filename="/public/home/xiamr/prog/tinker_trr/source/lib/extra1.f">
			<Option target="libtinker_shared"/>
		</Unit>
		<Unit filename="/public/home/xiamr/prog/tinker_trr/source/lib/extra2.f">
			<Option target="libtinker_shared"/>
		</Unit>
		<Unit filename="/public/home/xiamr/prog/tinker_trr/source/lib/extra3.f">
			<Option target="libtinker_shared"/>
		</Unit>
		<Unit filename="/public/home/xiamr/prog/tinker_trr/source/lib/faces.f">
			<Option target="libtinker_shared"/>
		</Unit>
		<Unit filename="/public/home/xiamr/prog/tinker_trr/source/lib/fatal.f">
			<Option target="libtinker_shared"/>
		</Unit>
		<Unit filename="/public/home/xiamr/prog/tinker_trr/source/lib/fft.f">
			<Option target="libtinker_shared"/>
		</Unit>
		<Unit filename="/public/home/xiamr/prog/tinker_trr/source/lib/fft3d.f">
			<Option target="libtinker_shared"/>
		</Unit>
		<Unit filename="/public/home/xiamr/prog/tinker_trr/source/lib/fftpack.f">
			<Option target="libtinker_shared"/>
		</Unit>
		<Unit filename="/public/home/xiamr/prog/tinker_trr/source/lib/field.f">
			<Option target="libtinker_shared"/>
		</Unit>
		<Unit filename="/public/home/xiamr/prog/tinker_trr/source/lib/fields.f">
			<Option target="libtinker_shared"/>
		</Unit>
		<Unit filename="/public/home/xiamr/prog/tinker_trr/source/lib/files.f">
			<Option target="libtinker_shared"/>
		</Unit>
		<Unit filename="/public/home/xiamr/prog/tinker_trr/source/lib/final.f">
			<Option target="libtinker_shared"/>
		</Unit>
		<Unit filename="/public/home/xiamr/prog/tinker_trr/source/lib/flatten.f">
			<Option target="libtinker_shared"/>
		</Unit>
		<Unit filename="/public/home/xiamr/prog/tinker_trr/source/lib/fracs.f">
			<Option target="libtinker_shared"/>
		</Unit>
		<Unit filename="/public/home/xiamr/prog/tinker_trr/source/lib/freeunit.f">
			<Option target="libtinker_shared"/>
		</Unit>
		<Unit filename="/public/home/xiamr/prog/tinker_trr/source/lib/freeze.f">
			<Option target="libtinker_shared"/>
		</Unit>
		<Unit filename="/public/home/xiamr/prog/tinker_trr/source/lib/geometry.f">
			<Option target="libtinker_shared"/>
		</Unit>
		<Unit filename="/public/home/xiamr/prog/tinker_trr/source/lib/getint.f">
			<Option target="libtinker_shared"/>
		</Unit>
		<Unit filename="/public/home/xiamr/prog/tinker_trr/source/lib/getkey.f">
			<Option target="libtinker_shared"/>
		</Unit>
		<Unit filename="/public/home/xiamr/prog/tinker_trr/source/lib/getmol.f">
			<Option target="libtinker_shared"/>
		</Unit>
		<Unit filename="/public/home/xiamr/prog/tinker_trr/source/lib/getmol2.f">
			<Option target="libtinker_shared"/>
		</Unit>
		<Unit filename="/public/home/xiamr/prog/tinker_trr/source/lib/getnumb.f">
			<Option target="libtinker_shared"/>
		</Unit>
		<Unit filename="/public/home/xiamr/prog/tinker_trr/source/lib/getpdb.f">
			<Option target="libtinker_shared"/>
		</Unit>
		<Unit filename="/public/home/xiamr/prog/tinker_trr/source/lib/getprm.f">
			<Option target="libtinker_shared"/>
		</Unit>
		<Unit filename="/public/home/xiamr/prog/tinker_trr/source/lib/getref.f">
			<Option target="libtinker_shared"/>
		</Unit>
		<Unit filename="/public/home/xiamr/prog/tinker_trr/source/lib/getstring.f">
			<Option target="libtinker_shared"/>
		</Unit>
		<Unit filename="/public/home/xiamr/prog/tinker_trr/source/lib/gettext.f">
			<Option target="libtinker_shared"/>
		</Unit>
		<Unit filename="/public/home/xiamr/prog/tinker_trr/source/lib/getword.f">
			<Option target="libtinker_shared"/>
		</Unit>
		<Unit filename="/public/home/xiamr/prog/tinker_trr/source/lib/getxyz.f">
			<Option target="libtinker_shared"/>
		</Unit>
		<Unit filename="/public/home/xiamr/prog/tinker_trr/source/lib/ghmcstep.f">
			<Option target="libtinker_shared"/>
		</Unit>
		<Unit filename="/public/home/xiamr/prog/tinker_trr/source/lib/gkstuf.f">
			<Option target="libtinker_shared"/>
		</Unit>
		<Unit filename="/public/home/xiamr/prog/tinker_trr/source/lib/gradient.f">
			<Option target="libtinker_shared"/>
		</Unit>
		<Unit filename="/public/home/xiamr/prog/tinker_trr/source/lib/gradrgd.f">
			<Option target="libtinker_shared"/>
		</Unit>
		<Unit filename="/public/home/xiamr/prog/tinker_trr/source/lib/gradrot.f">
			<Option target="libtinker_shared"/>
		</Unit>
		<Unit filename="/public/home/xiamr/prog/tinker_trr/source/lib/group.f">
			<Option target="libtinker_shared"/>
		</Unit>
		<Unit filename="/public/home/xiamr/prog/tinker_trr/source/lib/groups.f">
			<Option target="libtinker_shared"/>
		</Unit>
		<Unit filename="/public/home/xiamr/prog/tinker_trr/source/lib/grpline.f">
			<Option target="libtinker_shared"/>
		</Unit>
		<Unit filename="/public/home/xiamr/prog/tinker_trr/source/lib/gyrate.f">
			<Option target="libtinker_shared"/>
		</Unit>
		<Unit filename="/public/home/xiamr/prog/tinker_trr/source/lib/hescut.f">
			<Option target="libtinker_shared"/>
		</Unit>
		<Unit filename="/public/home/xiamr/prog/tinker_trr/source/lib/hessian.f">
			<Option target="libtinker_shared"/>
		</Unit>
		<Unit filename="/public/home/xiamr/prog/tinker_trr/source/lib/hessn.f">
			<Option target="libtinker_shared"/>
		</Unit>
		<Unit filename="/public/home/xiamr/prog/tinker_trr/source/lib/hessrgd.f">
			<Option target="libtinker_shared"/>
		</Unit>
		<Unit filename="/public/home/xiamr/prog/tinker_trr/source/lib/hessrot.f">
			<Option target="libtinker_shared"/>
		</Unit>
		<Unit filename="/public/home/xiamr/prog/tinker_trr/source/lib/hpmf.f">
			<Option target="libtinker_shared"/>
		</Unit>
		<Unit filename="/public/home/xiamr/prog/tinker_trr/source/lib/hybrid.f">
			<Option target="libtinker_shared"/>
		</Unit>
		<Unit filename="/public/home/xiamr/prog/tinker_trr/source/lib/image.f">
			<Option target="libtinker_shared"/>
		</Unit>
		<Unit filename="/public/home/xiamr/prog/tinker_trr/source/lib/impose.f">
			<Option target="libtinker_shared"/>
		</Unit>
		<Unit filename="/public/home/xiamr/prog/tinker_trr/source/lib/improp.f">
			<Option target="libtinker_shared"/>
		</Unit>
		<Unit filename="/public/home/xiamr/prog/tinker_trr/source/lib/imptor.f">
			<Option target="libtinker_shared"/>
		</Unit>
		<Unit filename="/public/home/xiamr/prog/tinker_trr/source/lib/induce.f">
			<Option target="libtinker_shared"/>
		</Unit>
		<Unit filename="/public/home/xiamr/prog/tinker_trr/source/lib/inertia.f">
			<Option target="libtinker_shared"/>
		</Unit>
		<Unit filename="/public/home/xiamr/prog/tinker_trr/source/lib/inform.f">
			<Option target="libtinker_shared"/>
		</Unit>
		<Unit filename="/public/home/xiamr/prog/tinker_trr/source/lib/initatom.f">
			<Option target="libtinker_shared"/>
		</Unit>
		<Unit filename="/public/home/xiamr/prog/tinker_trr/source/lib/initial.f">
			<Option target="libtinker_shared"/>
		</Unit>
		<Unit filename="/public/home/xiamr/prog/tinker_trr/source/lib/initprm.f">
			<Option target="libtinker_shared"/>
		</Unit>
		<Unit filename="/public/home/xiamr/prog/tinker_trr/source/lib/initres.f">
			<Option target="libtinker_shared"/>
		</Unit>
		<Unit filename="/public/home/xiamr/prog/tinker_trr/source/lib/initrot.f">
			<Option target="libtinker_shared"/>
		</Unit>
		<Unit filename="/public/home/xiamr/prog/tinker_trr/source/lib/insert.f">
			<Option target="libtinker_shared"/>
		</Unit>
		<Unit filename="/public/home/xiamr/prog/tinker_trr/source/lib/inter.f">
			<Option target="libtinker_shared"/>
		</Unit>
		<Unit filename="/public/home/xiamr/prog/tinker_trr/source/lib/invbeta.f">
			<Option target="libtinker_shared"/>
		</Unit>
		<Unit filename="/public/home/xiamr/prog/tinker_trr/source/lib/invert.f">
			<Option target="libtinker_shared"/>
		</Unit>
		<Unit filename="/public/home/xiamr/prog/tinker_trr/source/lib/iounit.f">
			<Option target="libtinker_shared"/>
		</Unit>
		<Unit filename="/public/home/xiamr/prog/tinker_trr/source/lib/jacobi.f">
			<Option target="libtinker_shared"/>
		</Unit>
		<Unit filename="/public/home/xiamr/prog/tinker_trr/source/lib/kanang.f">
			<Option target="libtinker_shared"/>
		</Unit>
		<Unit filename="/public/home/xiamr/prog/tinker_trr/source/lib/kangang.f">
			<Option target="libtinker_shared"/>
		</Unit>
		<Unit filename="/public/home/xiamr/prog/tinker_trr/source/lib/kangle.f">
			<Option target="libtinker_shared"/>
		</Unit>
		<Unit filename="/public/home/xiamr/prog/tinker_trr/source/lib/kangs.f">
			<Option target="libtinker_shared"/>
		</Unit>
		<Unit filename="/public/home/xiamr/prog/tinker_trr/source/lib/kangtor.f">
			<Option target="libtinker_shared"/>
		</Unit>
		<Unit filename="/public/home/xiamr/prog/tinker_trr/source/lib/kantor.f">
			<Option target="libtinker_shared"/>
		</Unit>
		<Unit filename="/public/home/xiamr/prog/tinker_trr/source/lib/katom.f">
			<Option target="libtinker_shared"/>
		</Unit>
		<Unit filename="/public/home/xiamr/prog/tinker_trr/source/lib/katoms.f">
			<Option target="libtinker_shared"/>
		</Unit>
		<Unit filename="/public/home/xiamr/prog/tinker_trr/source/lib/kbond.f">
			<Option target="libtinker_shared"/>
		</Unit>
		<Unit filename="/public/home/xiamr/prog/tinker_trr/source/lib/kbonds.f">
			<Option target="libtinker_shared"/>
		</Unit>
		<Unit filename="/public/home/xiamr/prog/tinker_trr/source/lib/kcharge.f">
			<Option target="libtinker_shared"/>
		</Unit>
		<Unit filename="/public/home/xiamr/prog/tinker_trr/source/lib/kchrge.f">
			<Option target="libtinker_shared"/>
		</Unit>
		<Unit filename="/public/home/xiamr/prog/tinker_trr/source/lib/kct.f">
			<Option target="libtinker_shared"/>
		</Unit>
		<Unit filename="/public/home/xiamr/prog/tinker_trr/source/lib/kdipol.f">
			<Option target="libtinker_shared"/>
		</Unit>
		<Unit filename="/public/home/xiamr/prog/tinker_trr/source/lib/kdipole.f">
			<Option target="libtinker_shared"/>
		</Unit>
		<Unit filename="/public/home/xiamr/prog/tinker_trr/source/lib/kewald.f">
			<Option target="libtinker_shared"/>
		</Unit>
		<Unit filename="/public/home/xiamr/prog/tinker_trr/source/lib/kextra.f">
			<Option target="libtinker_shared"/>
		</Unit>
		<Unit filename="/public/home/xiamr/prog/tinker_trr/source/lib/keys.f">
			<Option target="libtinker_shared"/>
		</Unit>
		<Unit filename="/public/home/xiamr/prog/tinker_trr/source/lib/kgeom.f">
			<Option target="libtinker_shared"/>
		</Unit>
		<Unit filename="/public/home/xiamr/prog/tinker_trr/source/lib/khbond.f">
			<Option target="libtinker_shared"/>
		</Unit>
		<Unit filename="/public/home/xiamr/prog/tinker_trr/source/lib/kimprop.f">
			<Option target="libtinker_shared"/>
		</Unit>
		<Unit filename="/public/home/xiamr/prog/tinker_trr/source/lib/kimptor.f">
			<Option target="libtinker_shared"/>
		</Unit>
		<Unit filename="/public/home/xiamr/prog/tinker_trr/source/lib/kinetic.f">
			<Option target="libtinker_shared"/>
		</Unit>
		<Unit filename="/public/home/xiamr/prog/tinker_trr/source/lib/kiprop.f">
			<Option target="libtinker_shared"/>
		</Unit>
		<Unit filename="/public/home/xiamr/prog/tinker_trr/source/lib/kitors.f">
			<Option target="libtinker_shared"/>
		</Unit>
		<Unit filename="/public/home/xiamr/prog/tinker_trr/source/lib/kmetal.f">
			<Option target="libtinker_shared"/>
		</Unit>
		<Unit filename="/public/home/xiamr/prog/tinker_trr/source/lib/kmpole.f">
			<Option target="libtinker_shared"/>
		</Unit>
		<Unit filename="/public/home/xiamr/prog/tinker_trr/source/lib/kmulti.f">
			<Option target="libtinker_shared"/>
		</Unit>
		<Unit filename="/public/home/xiamr/prog/tinker_trr/source/lib/kopbend.f">
			<Option target="libtinker_shared"/>
		</Unit>
		<Unit filename="/public/home/xiamr/prog/tinker_trr/source/lib/kopbnd.f">
			<Option target="libtinker_shared"/>
		</Unit>
		<Unit filename="/public/home/xiamr/prog/tinker_trr/source/lib/kopdist.f">
			<Option target="libtinker_shared"/>
		</Unit>
		<Unit filename="/public/home/xiamr/prog/tinker_trr/source/lib/kopdst.f">
			<Option target="libtinker_shared"/>
		</Unit>
		<Unit filename="/public/home/xiamr/prog/tinker_trr/source/lib/korbit.f">
			<Option target="libtinker_shared"/>
		</Unit>
		<Unit filename="/public/home/xiamr/prog/tinker_trr/source/lib/korbs.f">
			<Option target="libtinker_shared"/>
		</Unit>
		<Unit filename="/public/home/xiamr/prog/tinker_trr/source/lib/kpitor.f">
			<Option target="libtinker_shared"/>
		</Unit>
		<Unit filename="/public/home/xiamr/prog/tinker_trr/source/lib/kpitors.f">
			<Option target="libtinker_shared"/>
		</Unit>
		<Unit filename="/public/home/xiamr/prog/tinker_trr/source/lib/kpolar.f">
			<Option target="libtinker_shared"/>
		</Unit>
		<Unit filename="/public/home/xiamr/prog/tinker_trr/source/lib/kpolr.f">
			<Option target="libtinker_shared"/>
		</Unit>
		<Unit filename="/public/home/xiamr/prog/tinker_trr/source/lib/ksolv.f">
			<Option target="libtinker_shared"/>
		</Unit>
		<Unit filename="/public/home/xiamr/prog/tinker_trr/source/lib/kstbnd.f">
			<Option target="libtinker_shared"/>
		</Unit>
		<Unit filename="/public/home/xiamr/prog/tinker_trr/source/lib/kstrbnd.f">
			<Option target="libtinker_shared"/>
		</Unit>
		<Unit filename="/public/home/xiamr/prog/tinker_trr/source/lib/kstrtor.f">
			<Option target="libtinker_shared"/>
		</Unit>
		<Unit filename="/public/home/xiamr/prog/tinker_trr/source/lib/ksttor.f">
			<Option target="libtinker_shared"/>
		</Unit>
		<Unit filename="/public/home/xiamr/prog/tinker_trr/source/lib/ktors.f">
			<Option target="libtinker_shared"/>
		</Unit>
		<Unit filename="/public/home/xiamr/prog/tinker_trr/source/lib/ktorsn.f">
			<Option target="libtinker_shared"/>
		</Unit>
		<Unit filename="/public/home/xiamr/prog/tinker_trr/source/lib/ktortor.f">
			<Option target="libtinker_shared"/>
		</Unit>
		<Unit filename="/public/home/xiamr/prog/tinker_trr/source/lib/ktrtor.f">
			<Option target="libtinker_shared"/>
		</Unit>
		<Unit filename="/public/home/xiamr/prog/tinker_trr/source/lib/kurey.f">
			<Option target="libtinker_shared"/>
		</Unit>
		<Unit filename="/public/home/xiamr/prog/tinker_trr/source/lib/kurybr.f">
			<Option target="libtinker_shared"/>
		</Unit>
		<Unit filename="/public/home/xiamr/prog/tinker_trr/source/lib/kvdw.f">
			<Option target="libtinker_shared"/>
		</Unit>
		<Unit filename="/public/home/xiamr/prog/tinker_trr/source/lib/kvdwpr.f">
			<Option target="libtinker_shared"/>
		</Unit>
		<Unit filename="/public/home/xiamr/prog/tinker_trr/source/lib/kvdws.f">
			<Option target="libtinker_shared"/>
		</Unit>
		<Unit filename="/public/home/xiamr/prog/tinker_trr/source/lib/lattice.f">
			<Option target="libtinker_shared"/>
		</Unit>
		<Unit filename="/public/home/xiamr/prog/tinker_trr/source/lib/lbfgs.f">
			<Option target="libtinker_shared"/>
		</Unit>
		<Unit filename="/public/home/xiamr/prog/tinker_trr/source/lib/light.f">
			<Option target="libtinker_shared"/>
		</Unit>
		<Unit filename="/public/home/xiamr/prog/tinker_trr/source/lib/lights.f">
			<Option target="libtinker_shared"/>
		</Unit>
		<Unit filename="/public/home/xiamr/prog/tinker_trr/source/lib/limits.f">
			<Option target="libtinker_shared"/>
		</Unit>
		<Unit filename="/public/home/xiamr/prog/tinker_trr/source/lib/linmin.f">
			<Option target="libtinker_shared"/>
		</Unit>
		<Unit filename="/public/home/xiamr/prog/tinker_trr/source/lib/makeint.f">
			<Option target="libtinker_shared"/>
		</Unit>
		<Unit filename="/public/home/xiamr/prog/tinker_trr/source/lib/makeref.f">
			<Option target="libtinker_shared"/>
		</Unit>
		<Unit filename="/public/home/xiamr/prog/tinker_trr/source/lib/makexyz.f">
			<Option target="libtinker_shared"/>
		</Unit>
		<Unit filename="/public/home/xiamr/prog/tinker_trr/source/lib/math.f">
			<Option target="libtinker_shared"/>
		</Unit>
		<Unit filename="/public/home/xiamr/prog/tinker_trr/source/lib/maxwell.f">
			<Option target="libtinker_shared"/>
		</Unit>
		<Unit filename="/public/home/xiamr/prog/tinker_trr/source/lib/mdinit.f">
			<Option target="libtinker_shared"/>
		</Unit>
		<Unit filename="/public/home/xiamr/prog/tinker_trr/source/lib/mdrest.f">
			<Option target="libtinker_shared"/>
		</Unit>
		<Unit filename="/public/home/xiamr/prog/tinker_trr/source/lib/mdsave.f">
			<Option target="libtinker_shared"/>
		</Unit>
		<Unit filename="/public/home/xiamr/prog/tinker_trr/source/lib/mdstat.f">
			<Option target="libtinker_shared"/>
		</Unit>
		<Unit filename="/public/home/xiamr/prog/tinker_trr/source/lib/mdstuf.f">
			<Option target="libtinker_shared"/>
		</Unit>
		<Unit filename="/public/home/xiamr/prog/tinker_trr/source/lib/mechanic.f">
			<Option target="libtinker_shared"/>
		</Unit>
		<Unit filename="/public/home/xiamr/prog/tinker_trr/source/lib/merck.f">
			<Option target="libtinker_shared"/>
		</Unit>
		<Unit filename="/public/home/xiamr/prog/tinker_trr/source/lib/merge.f">
			<Option target="libtinker_shared"/>
		</Unit>
		<Unit filename="/public/home/xiamr/prog/tinker_trr/source/lib/minima.f">
			<Option target="libtinker_shared"/>
		</Unit>
		<Unit filename="/public/home/xiamr/prog/tinker_trr/source/lib/molcul.f">
			<Option target="libtinker_shared"/>
		</Unit>
		<Unit filename="/public/home/xiamr/prog/tinker_trr/source/lib/moldyn.f">
			<Option target="libtinker_shared"/>
		</Unit>
		<Unit filename="/public/home/xiamr/prog/tinker_trr/source/lib/molecule.f">
			<Option target="libtinker_shared"/>
		</Unit>
		<Unit filename="/public/home/xiamr/prog/tinker_trr/source/lib/moment.f">
			<Option target="libtinker_shared"/>
		</Unit>
		<Unit filename="/public/home/xiamr/prog/tinker_trr/source/lib/moments.f">
			<Option target="libtinker_shared"/>
		</Unit>
		<Unit filename="/public/home/xiamr/prog/tinker_trr/source/lib/mplpot.f">
			<Option target="libtinker_shared"/>
		</Unit>
		<Unit filename="/public/home/xiamr/prog/tinker_trr/source/lib/mpole.f">
			<Option target="libtinker_shared"/>
		</Unit>
		<Unit filename="/public/home/xiamr/prog/tinker_trr/source/lib/mutant.f">
			<Option target="libtinker_shared"/>
		</Unit>
		<Unit filename="/public/home/xiamr/prog/tinker_trr/source/lib/mutate.f">
			<Option target="libtinker_shared"/>
		</Unit>
		<Unit filename="/public/home/xiamr/prog/tinker_trr/source/lib/nblist.f">
			<Option target="libtinker_shared"/>
		</Unit>
		<Unit filename="/public/home/xiamr/prog/tinker_trr/source/lib/neigh.f">
			<Option target="libtinker_shared"/>
		</Unit>
		<Unit filename="/public/home/xiamr/prog/tinker_trr/source/lib/nextarg.f">
			<Option target="libtinker_shared"/>
		</Unit>
		<Unit filename="/public/home/xiamr/prog/tinker_trr/source/lib/nexttext.f">
			<Option target="libtinker_shared"/>
		</Unit>
		<Unit filename="/public/home/xiamr/prog/tinker_trr/source/lib/nonpol.f">
			<Option target="libtinker_shared"/>
		</Unit>
		<Unit filename="/public/home/xiamr/prog/tinker_trr/source/lib/nose.f">
			<Option target="libtinker_shared"/>
		</Unit>
		<Unit filename="/public/home/xiamr/prog/tinker_trr/source/lib/nspline.f">
			<Option target="libtinker_shared"/>
		</Unit>
		<Unit filename="/public/home/xiamr/prog/tinker_trr/source/lib/nucleo.f">
			<Option target="libtinker_shared"/>
		</Unit>
		<Unit filename="/public/home/xiamr/prog/tinker_trr/source/lib/number.f">
			<Option target="libtinker_shared"/>
		</Unit>
		<Unit filename="/public/home/xiamr/prog/tinker_trr/source/lib/numeral.f">
			<Option target="libtinker_shared"/>
		</Unit>
		<Unit filename="/public/home/xiamr/prog/tinker_trr/source/lib/numgrad.f">
			<Option target="libtinker_shared"/>
		</Unit>
		<Unit filename="/public/home/xiamr/prog/tinker_trr/source/lib/ocvm.f">
			<Option target="libtinker_shared"/>
		</Unit>
		<Unit filename="/public/home/xiamr/prog/tinker_trr/source/lib/omega.f">
			<Option target="libtinker_shared"/>
		</Unit>
		<Unit filename="/public/home/xiamr/prog/tinker_trr/source/lib/opbend.f">
			<Option target="libtinker_shared"/>
		</Unit>
		<Unit filename="/public/home/xiamr/prog/tinker_trr/source/lib/opdist.f">
			<Option target="libtinker_shared"/>
		</Unit>
		<Unit filename="/public/home/xiamr/prog/tinker_trr/source/lib/openend.f">
			<Option target="libtinker_shared"/>
		</Unit>
		<Unit filename="/public/home/xiamr/prog/tinker_trr/source/lib/openmp.f">
			<Option target="libtinker_shared"/>
		</Unit>
		<Unit filename="/public/home/xiamr/prog/tinker_trr/source/lib/optsave.f">
			<Option target="libtinker_shared"/>
		</Unit>
		<Unit filename="/public/home/xiamr/prog/tinker_trr/source/lib/orbital.f">
			<Option target="libtinker_shared"/>
		</Unit>
		<Unit filename="/public/home/xiamr/prog/tinker_trr/source/lib/orbits.f">
			<Option target="libtinker_shared"/>
		</Unit>
		<Unit filename="/public/home/xiamr/prog/tinker_trr/source/lib/orient.f">
			<Option target="libtinker_shared"/>
		</Unit>
		<Unit filename="/public/home/xiamr/prog/tinker_trr/source/lib/orthog.f">
			<Option target="libtinker_shared"/>
		</Unit>
		<Unit filename="/public/home/xiamr/prog/tinker_trr/source/lib/output.f">
			<Option target="libtinker_shared"/>
		</Unit>
		<Unit filename="/public/home/xiamr/prog/tinker_trr/source/lib/overlap.f">
			<Option target="libtinker_shared"/>
		</Unit>
		<Unit filename="/public/home/xiamr/prog/tinker_trr/source/lib/params.f">
			<Option target="libtinker_shared"/>
		</Unit>
		<Unit filename="/public/home/xiamr/prog/tinker_trr/source/lib/paths.f">
			<Option target="libtinker_shared"/>
		</Unit>
		<Unit filename="/public/home/xiamr/prog/tinker_trr/source/lib/pbstuf.f">
			<Option target="libtinker_shared"/>
		</Unit>
		<Unit filename="/public/home/xiamr/prog/tinker_trr/source/lib/pdb.f">
			<Option target="libtinker_shared"/>
		</Unit>
		<Unit filename="/public/home/xiamr/prog/tinker_trr/source/lib/phipsi.f">
			<Option target="libtinker_shared"/>
		</Unit>
		<Unit filename="/public/home/xiamr/prog/tinker_trr/source/lib/picalc.f">
			<Option target="libtinker_shared"/>
		</Unit>
		<Unit filename="/public/home/xiamr/prog/tinker_trr/source/lib/piorbs.f">
			<Option target="libtinker_shared"/>
		</Unit>
		<Unit filename="/public/home/xiamr/prog/tinker_trr/source/lib/pistuf.f">
			<Option target="libtinker_shared"/>
		</Unit>
		<Unit filename="/public/home/xiamr/prog/tinker_trr/source/lib/pitors.f">
			<Option target="libtinker_shared"/>
		</Unit>
		<Unit filename="/public/home/xiamr/prog/tinker_trr/source/lib/pme.f">
			<Option target="libtinker_shared"/>
		</Unit>
		<Unit filename="/public/home/xiamr/prog/tinker_trr/source/lib/pmestuff.f">
			<Option target="libtinker_shared"/>
		</Unit>
		<Unit filename="/public/home/xiamr/prog/tinker_trr/source/lib/pmpb.f">
			<Option target="libtinker_shared"/>
		</Unit>
		<Unit filename="/public/home/xiamr/prog/tinker_trr/source/lib/polar.f">
			<Option target="libtinker_shared"/>
		</Unit>
		<Unit filename="/public/home/xiamr/prog/tinker_trr/source/lib/polgrp.f">
			<Option target="libtinker_shared"/>
		</Unit>
		<Unit filename="/public/home/xiamr/prog/tinker_trr/source/lib/polpot.f">
			<Option target="libtinker_shared"/>
		</Unit>
		<Unit filename="/public/home/xiamr/prog/tinker_trr/source/lib/polymer.f">
			<Option target="libtinker_shared"/>
		</Unit>
		<Unit filename="/public/home/xiamr/prog/tinker_trr/source/lib/potent.f">
			<Option target="libtinker_shared"/>
		</Unit>
		<Unit filename="/public/home/xiamr/prog/tinker_trr/source/lib/potfit.f">
			<Option target="libtinker_shared"/>
		</Unit>
		<Unit filename="/public/home/xiamr/prog/tinker_trr/source/lib/precis.f">
			<Option target="libtinker_shared"/>
		</Unit>
		<Unit filename="/public/home/xiamr/prog/tinker_trr/source/lib/precise.f">
			<Option target="libtinker_shared"/>
		</Unit>
		<Unit filename="/public/home/xiamr/prog/tinker_trr/source/lib/pressure.f">
			<Option target="libtinker_shared"/>
		</Unit>
		<Unit filename="/public/home/xiamr/prog/tinker_trr/source/lib/prmkey.f">
			<Option target="libtinker_shared"/>
		</Unit>
		<Unit filename="/public/home/xiamr/prog/tinker_trr/source/lib/promo.f">
			<Option target="libtinker_shared"/>
		</Unit>
		<Unit filename="/public/home/xiamr/prog/tinker_trr/source/lib/prtdyn.f">
			<Option target="libtinker_shared"/>
		</Unit>
		<Unit filename="/public/home/xiamr/prog/tinker_trr/source/lib/prterr.f">
			<Option target="libtinker_shared"/>
		</Unit>
		<Unit filename="/public/home/xiamr/prog/tinker_trr/source/lib/prtint.f">
			<Option target="libtinker_shared"/>
		</Unit>
		<Unit filename="/public/home/xiamr/prog/tinker_trr/source/lib/prtmol2.f">
			<Option target="libtinker_shared"/>
		</Unit>
		<Unit filename="/public/home/xiamr/prog/tinker_trr/source/lib/prtpdb.f">
			<Option target="libtinker_shared"/>
		</Unit>
		<Unit filename="/public/home/xiamr/prog/tinker_trr/source/lib/prtprm.f">
			<Option target="libtinker_shared"/>
		</Unit>
		<Unit filename="/public/home/xiamr/prog/tinker_trr/source/lib/prtseq.f">
			<Option target="libtinker_shared"/>
		</Unit>
		<Unit filename="/public/home/xiamr/prog/tinker_trr/source/lib/prtxyz.f">
			<Option target="libtinker_shared"/>
		</Unit>
		<Unit filename="/public/home/xiamr/prog/tinker_trr/source/lib/ptable.f">
			<Option target="libtinker_shared"/>
		</Unit>
		<Unit filename="/public/home/xiamr/prog/tinker_trr/source/lib/qmstuf.f">
			<Option target="libtinker_shared"/>
		</Unit>
		<Unit filename="/public/home/xiamr/prog/tinker_trr/source/lib/qrfact.f">
			<Option target="libtinker_shared"/>
		</Unit>
		<Unit filename="/public/home/xiamr/prog/tinker_trr/source/lib/quatfit.f">
			<Option target="libtinker_shared"/>
		</Unit>
		<Unit filename="/public/home/xiamr/prog/tinker_trr/source/lib/random.f">
			<Option target="libtinker_shared"/>
		</Unit>
		<Unit filename="/public/home/xiamr/prog/tinker_trr/source/lib/rattle.f">
			<Option target="libtinker_shared"/>
		</Unit>
		<Unit filename="/public/home/xiamr/prog/tinker_trr/source/lib/readdyn.f">
			<Option target="libtinker_shared"/>
		</Unit>
		<Unit filename="/public/home/xiamr/prog/tinker_trr/source/lib/readgau.f">
			<Option target="libtinker_shared"/>
		</Unit>
		<Unit filename="/public/home/xiamr/prog/tinker_trr/source/lib/readint.f">
			<Option target="libtinker_shared"/>
		</Unit>
		<Unit filename="/public/home/xiamr/prog/tinker_trr/source/lib/readmol.f">
			<Option target="libtinker_shared"/>
		</Unit>
		<Unit filename="/public/home/xiamr/prog/tinker_trr/source/lib/readmol2.f">
			<Option target="libtinker_shared"/>
		</Unit>
		<Unit filename="/public/home/xiamr/prog/tinker_trr/source/lib/readpdb.f">
			<Option target="libtinker_shared"/>
		</Unit>
		<Unit filename="/public/home/xiamr/prog/tinker_trr/source/lib/readprm.f">
			<Option target="libtinker_shared"/>
		</Unit>
		<Unit filename="/public/home/xiamr/prog/tinker_trr/source/lib/readseq.f">
			<Option target="libtinker_shared"/>
		</Unit>
		<Unit filename="/public/home/xiamr/prog/tinker_trr/source/lib/readxyz.f">
			<Option target="libtinker_shared"/>
		</Unit>
		<Unit filename="/public/home/xiamr/prog/tinker_trr/source/lib/refer.f">
			<Option target="libtinker_shared"/>
		</Unit>
		<Unit filename="/public/home/xiamr/prog/tinker_trr/source/lib/replica.f">
			<Option target="libtinker_shared"/>
		</Unit>
		<Unit filename="/public/home/xiamr/prog/tinker_trr/source/lib/resdue.f">
			<Option target="libtinker_shared"/>
		</Unit>
		<Unit filename="/public/home/xiamr/prog/tinker_trr/source/lib/respa.f">
			<Option target="libtinker_shared"/>
		</Unit>
		<Unit filename="/public/home/xiamr/prog/tinker_trr/source/lib/restrn.f">
			<Option target="libtinker_shared"/>
		</Unit>
		<Unit filename="/public/home/xiamr/prog/tinker_trr/source/lib/rgddyn.f">
			<Option target="libtinker_shared"/>
		</Unit>
		<Unit filename="/public/home/xiamr/prog/tinker_trr/source/lib/rgdstep.f">
			<Option target="libtinker_shared"/>
		</Unit>
		<Unit filename="/public/home/xiamr/prog/tinker_trr/source/lib/rigid.f">
			<Option target="libtinker_shared"/>
		</Unit>
		<Unit filename="/public/home/xiamr/prog/tinker_trr/source/lib/ring.f">
			<Option target="libtinker_shared"/>
		</Unit>
		<Unit filename="/public/home/xiamr/prog/tinker_trr/source/lib/rings.f">
			<Option target="libtinker_shared"/>
		</Unit>
		<Unit filename="/public/home/xiamr/prog/tinker_trr/source/lib/rmsfit.f">
			<Option target="libtinker_shared"/>
		</Unit>
		<Unit filename="/public/home/xiamr/prog/tinker_trr/source/lib/rotbnd.f">
			<Option target="libtinker_shared"/>
		</Unit>
		<Unit filename="/public/home/xiamr/prog/tinker_trr/source/lib/rotlist.f">
			<Option target="libtinker_shared"/>
		</Unit>
		<Unit filename="/public/home/xiamr/prog/tinker_trr/source/lib/rotpole.f">
			<Option target="libtinker_shared"/>
		</Unit>
		<Unit filename="/public/home/xiamr/prog/tinker_trr/source/lib/rxnfld.f">
			<Option target="libtinker_shared"/>
		</Unit>
		<Unit filename="/public/home/xiamr/prog/tinker_trr/source/lib/rxnpot.f">
			<Option target="libtinker_shared"/>
		</Unit>
		<Unit filename="/public/home/xiamr/prog/tinker_trr/source/lib/scales.f">
			<Option target="libtinker_shared"/>
		</Unit>
		<Unit filename="/public/home/xiamr/prog/tinker_trr/source/lib/sdstep.f">
			<Option target="libtinker_shared"/>
		</Unit>
		<Unit filename="/public/home/xiamr/prog/tinker_trr/source/lib/search.f">
			<Option target="libtinker_shared"/>
		</Unit>
		<Unit filename="/public/home/xiamr/prog/tinker_trr/source/lib/sequen.f">
			<Option target="libtinker_shared"/>
		</Unit>
		<Unit filename="/public/home/xiamr/prog/tinker_trr/source/lib/server.f">
			<Option target="libtinker_shared"/>
		</Unit>
		<Unit filename="/public/home/xiamr/prog/tinker_trr/source/lib/shakeup.f">
			<Option target="libtinker_shared"/>
		</Unit>
		<Unit filename="/public/home/xiamr/prog/tinker_trr/source/lib/shunt.f">
			<Option target="libtinker_shared"/>
		</Unit>
		<Unit filename="/public/home/xiamr/prog/tinker_trr/source/lib/sigmoid.f">
			<Option target="libtinker_shared"/>
		</Unit>
		<Unit filename="/public/home/xiamr/prog/tinker_trr/source/lib/sizes.f">
			<Option target="libtinker_shared"/>
		</Unit>
		<Unit filename="/public/home/xiamr/prog/tinker_trr/source/lib/sktstuff.f">
			<Option target="libtinker_shared"/>
		</Unit>
		<Unit filename="/public/home/xiamr/prog/tinker_trr/source/lib/socket.f">
			<Option target="libtinker_shared"/>
		</Unit>
		<Unit filename="/public/home/xiamr/prog/tinker_trr/source/lib/solute.f">
			<Option target="libtinker_shared"/>
		</Unit>
		<Unit filename="/public/home/xiamr/prog/tinker_trr/source/lib/sort.f">
			<Option target="libtinker_shared"/>
		</Unit>
		<Unit filename="/public/home/xiamr/prog/tinker_trr/source/lib/square.f">
			<Option target="libtinker_shared"/>
		</Unit>
		<Unit filename="/public/home/xiamr/prog/tinker_trr/source/lib/stodyn.f">
			<Option target="libtinker_shared"/>
		</Unit>
		<Unit filename="/public/home/xiamr/prog/tinker_trr/source/lib/strbnd.f">
			<Option target="libtinker_shared"/>
		</Unit>
		<Unit filename="/public/home/xiamr/prog/tinker_trr/source/lib/strtor.f">
			<Option target="libtinker_shared"/>
		</Unit>
		<Unit filename="/public/home/xiamr/prog/tinker_trr/source/lib/suffix.f">
			<Option target="libtinker_shared"/>
		</Unit>
		<Unit filename="/public/home/xiamr/prog/tinker_trr/source/lib/surface.f">
			<Option target="libtinker_shared"/>
		</Unit>
		<Unit filename="/public/home/xiamr/prog/tinker_trr/source/lib/surfatom.f">
			<Option target="libtinker_shared"/>
		</Unit>
		<Unit filename="/public/home/xiamr/prog/tinker_trr/source/lib/switch.f">
			<Option target="libtinker_shared"/>
		</Unit>
		<Unit filename="/public/home/xiamr/prog/tinker_trr/source/lib/syntrn.f">
			<Option target="libtinker_shared"/>
		</Unit>
		<Unit filename="/public/home/xiamr/prog/tinker_trr/source/lib/tarray.f">
			<Option target="libtinker_shared"/>
		</Unit>
		<Unit filename="/public/home/xiamr/prog/tinker_trr/source/lib/temper.f">
			<Option target="libtinker_shared"/>
		</Unit>
		<Unit filename="/public/home/xiamr/prog/tinker_trr/source/lib/titles.f">
			<Option target="libtinker_shared"/>
		</Unit>
		<Unit filename="/public/home/xiamr/prog/tinker_trr/source/lib/tncg.f">
			<Option target="libtinker_shared"/>
		</Unit>
		<Unit filename="/public/home/xiamr/prog/tinker_trr/source/lib/torphase.f">
			<Option target="libtinker_shared"/>
		</Unit>
		<Unit filename="/public/home/xiamr/prog/tinker_trr/source/lib/torpot.f">
			<Option target="libtinker_shared"/>
		</Unit>
		<Unit filename="/public/home/xiamr/prog/tinker_trr/source/lib/torque.f">
			<Option target="libtinker_shared"/>
		</Unit>
		<Unit filename="/public/home/xiamr/prog/tinker_trr/source/lib/tors.f">
			<Option target="libtinker_shared"/>
		</Unit>
		<Unit filename="/public/home/xiamr/prog/tinker_trr/source/lib/torsions.f">
			<Option target="libtinker_shared"/>
		</Unit>
		<Unit filename="/public/home/xiamr/prog/tinker_trr/source/lib/tortor.f">
			<Option target="libtinker_shared"/>
		</Unit>
		<Unit filename="/public/home/xiamr/prog/tinker_trr/source/lib/tree.f">
			<Option target="libtinker_shared"/>
		</Unit>
		<Unit filename="/public/home/xiamr/prog/tinker_trr/source/lib/trimtext.f">
			<Option target="libtinker_shared"/>
		</Unit>
		<Unit filename="/public/home/xiamr/prog/tinker_trr/source/lib/unitcell.f">
			<Option target="libtinker_shared"/>
		</Unit>
		<Unit filename="/public/home/xiamr/prog/tinker_trr/source/lib/units.f">
			<Option target="libtinker_shared"/>
		</Unit>
		<Unit filename="/public/home/xiamr/prog/tinker_trr/source/lib/uprior.f">
			<Option target="libtinker_shared"/>
		</Unit>
		<Unit filename="/public/home/xiamr/prog/tinker_trr/source/lib/urey.f">
			<Option target="libtinker_shared"/>
		</Unit>
		<Unit filename="/public/home/xiamr/prog/tinker_trr/source/lib/urypot.f">
			<Option target="libtinker_shared"/>
		</Unit>
		<Unit filename="/public/home/xiamr/prog/tinker_trr/source/lib/usage.f">
			<Option target="libtinker_shared"/>
		</Unit>
		<Unit filename="/public/home/xiamr/prog/tinker_trr/source/lib/usolve.f">
			<Option target="libtinker_shared"/>
		</Unit>
		<Unit filename="/public/home/xiamr/prog/tinker_trr/source/lib/valfit.f">
			<Option target="libtinker_shared"/>
		</Unit>
		<Unit filename="/public/home/xiamr/prog/tinker_trr/source/lib/vdw.f">
			<Option target="libtinker_shared"/>
		</Unit>
		<Unit filename="/public/home/xiamr/prog/tinker_trr/source/lib/vdwpot.f">
			<Option target="libtinker_shared"/>
		</Unit>
		<Unit filename="/public/home/xiamr/prog/tinker_trr/source/lib/verlet.f">
			<Option target="libtinker_shared"/>
		</Unit>
		<Unit filename="/public/home/xiamr/prog/tinker_trr/source/lib/version.f">
			<Option target="libtinker_shared"/>
		</Unit>
		<Unit filename="/public/home/xiamr/prog/tinker_trr/source/lib/vibs.f">
			<Option target="libtinker_shared"/>
		</Unit>
		<Unit filename="/public/home/xiamr/prog/tinker_trr/source/lib/virial.f">
			<Option target="libtinker_shared"/>
		</Unit>
		<Unit filename="/public/home/xiamr/prog/tinker_trr/source/lib/volume.f">
			<Option target="libtinker_shared"/>
		</Unit>
		<Unit filename="/public/home/xiamr/prog/tinker_trr/source/lib/warp.f">
			<Option target="libtinker_shared"/>
		</Unit>
		<Unit filename="/public/home/xiamr/prog/tinker_trr/source/lib/xtals.f">
			<Option target="libtinker_shared"/>
		</Unit>
		<Unit filename="/public/home/xiamr/prog/tinker_trr/source/lib/xyzatm.f">
			<Option target="libtinker_shared"/>
		</Unit>
		<Unit filename="/public/home/xiamr/prog/tinker_trr/source/lib/zatom.f">
			<Option target="libtinker_shared"/>
		</Unit>
		<Unit filename="/public/home/xiamr/prog/tinker_trr/source/lib/zclose.f">
			<Option target="libtinker_shared"/>
		</Unit>
		<Unit filename="/public/home/xiamr/prog/tinker_trr/source/lib/zcoord.f">
			<Option target="libtinker_shared"/>
		</Unit>
		<Unit filename="/public/home/xiamr/prog/tinker_trr/source/CMakeLists.txt">
			<Option virtualFolder="CMake Files\"/>
		</Unit>
	</Project>
</CodeBlocks_project_file>
